
Microsoft Visual Studio Solution File, Format Version 12.00
# Visual Studio 15
VisualStudioVersion = 15.0.27130.2010
MinimumVisualStudioVersion = 10.0.40219.1
Project("{FAE04EC0-301F-11D3-BF4B-00C04F79EFBC}") = "DandamudiWebAPI", "DandamudiWebAPI\DandamudiWebAPI.csproj", "{94BD328B-7809-4188-BCB7-81128F8F482F}"
EndProject
Global
	GlobalSection(SolutionConfigurationPlatforms) = preSolution
		Debug|Any CPU = Debug|Any CPU
		Release|Any CPU = Release|Any CPU
	EndGlobalSection
	GlobalSection(ProjectConfigurationPlatforms) = postSolution
		{94BD328B-7809-4188-BCB7-81128F8F482F}.Debug|Any CPU.ActiveCfg = Debug|Any CPU
		{94BD328B-7809-4188-BCB7-81128F8F482F}.Debug|Any CPU.Build.0 = Debug|Any CPU
		{94BD328B-7809-4188-BCB7-81128F8F482F}.Release|Any CPU.ActiveCfg = Release|Any CPU
		{94BD328B-7809-4188-BCB7-81128F8F482F}.Release|Any CPU.Build.0 = Release|Any CPU
	EndGlobalSection
	GlobalSection(SolutionProperties) = preSolution
		HideSolutionNode = FALSE
	EndGlobalSection
	GlobalSection(ExtensibilityGlobals) = postSolution
		SolutionGuid = {5BEDEEDB-110A-45E9-A756-088CB943412A}
	EndGlobalSection
EndGlobal
